// !$*UTF8*$!
{
	archiveVersion = 1;
	classes = {
	};
	objectVersion = 50;
	objects = {

/* Begin PBXBuildFile section */
		A823289520DA17C900E5128A /* AppDelegate.swift in Sources */ = {isa = PBXBuildFile; fileRef = A823289420DA17C900E5128A /* AppDelegate.swift */; };
		A823289720DA17C900E5128A /* ViewController.swift in Sources */ = {isa = PBXBuildFile; fileRef = A823289620DA17C900E5128A /* ViewController.swift */; };
		A823289A20DA17C900E5128A /* Main.storyboard in Resources */ = {isa = PBXBuildFile; fileRef = A823289820DA17C900E5128A /* Main.storyboard */; };
		A823289C20DA17CF00E5128A /* Assets.xcassets in Resources */ = {isa = PBXBuildFile; fileRef = A823289B20DA17CF00E5128A /* Assets.xcassets */; };
		A823289F20DA17CF00E5128A /* LaunchScreen.storyboard in Resources */ = {isa = PBXBuildFile; fileRef = A823289D20DA17CF00E5128A /* LaunchScreen.storyboard */; };
		A82328A820DA184100E5128A /* PreviewView.swift in Sources */ = {isa = PBXBuildFile; fileRef = A82328A720DA184100E5128A /* PreviewView.swift */; };
		A8CCD22320EFE5760068E24E /* Inceptionv3.mlmodel in Sources */ = {isa = PBXBuildFile; fileRef = A8CCD22220EFE5760068E24E /* Inceptionv3.mlmodel */; };
/* End PBXBuildFile section */

/* Begin PBXFileReference section */
		A823289120DA17C900E5128A /* iOS-CoreML-Inceptionv3.app */ = {isa = PBXFileReference; explicitFileType = wrapper.application; includeInIndex = 0; path = "iOS-CoreML-Inceptionv3.app"; sourceTree = BUILT_PRODUCTS_DIR; };
		A823289420DA17C900E5128A /* AppDelegate.swift */ = {isa = PBXFileReference; lastKnownFileType = sourcecode.swift; path = AppDelegate.swift; sourceTree = "<group>"; };
		A823289620DA17C900E5128A /* ViewController.swift */ = {isa = PBXFileReference; lastKnownFileType = sourcecode.swift; path = ViewController.swift; sourceTree = "<group>"; };
		A823289920DA17C900E5128A /* Base */ = {isa = PBXFileReference; lastKnownFileType = file.storyboard; name = Base; path = Base.lproj/Main.storyboard; sourceTree = "<group>"; };
		A823289B20DA17CF00E5128A /* Assets.xcassets */ = {isa = PBXFileReference; lastKnownFileType = folder.assetcatalog; path = Assets.xcassets; sourceTree = "<group>"; };
		A823289E20DA17CF00E5128A /* Base */ = {isa = PBXFileReference; lastKnownFileType = file.storyboard; name = Base; path = Base.lproj/LaunchScreen.storyboard; sourceTree = "<group>"; };
		A82328A020DA17CF00E5128A /* Info.plist */ = {isa = PBXFileReference; lastKnownFileType = text.plist.xml; path = Info.plist; sourceTree = "<group>"; };
		A82328A720DA184100E5128A /* PreviewView.swift */ = {isa = PBXFileReference; fileEncoding = 4; lastKnownFileType = sourcecode.swift; path = PreviewView.swift; sourceTree = "<group>"; };
		A8CCD22220EFE5760068E24E /* Inceptionv3.mlmodel */ = {isa = PBXFileReference; lastKnownFileType = file.mlmodel; path = Inceptionv3.mlmodel; sourceTree = "<group>"; };
/* End PBXFileReference section */

/* Begin PBXFrameworksBuildPhase section */
		A823288E20DA17C900E5128A /* Frameworks */ = {
			isa = PBXFrameworksBuildPhase;
			buildActionMask = 2147483647;
			files = (
			);
			runOnlyForDeploymentPostprocessing = 0;
		};
/* End PBXFrameworksBuildPhase section */

/* Begin PBXGroup section */
		A823288820DA17C900E5128A = {
			isa = PBXGroup;
			children = (
				A823289320DA17C900E5128A /* iOS-CoreML-Inceptionv3 */,
				A823289220DA17C900E5128A /* Products */,
			);
			sourceTree = "<group>";
		};
		A823289220DA17C900E5128A /* Products */ = {
			isa = PBXGroup;
			children = (
				A823289120DA17C900E5128A /* iOS-CoreML-Inceptionv3.app */,
			);
			name = Products;
			sourceTree = "<group>";
		};
		A823289320DA17C900E5128A /* iOS-CoreML-Inceptionv3 */ = {
			isa = PBXGroup;
			children = (
				A8CCD22220EFE5760068E24E /* Inceptionv3.mlmodel */,
				A823289420DA17C900E5128A /* AppDelegate.swift */,
				A82328A720DA184100E5128A /* PreviewView.swift */,
				A823289620DA17C900E5128A /* ViewController.swift */,
				A823289820DA17C900E5128A /* Main.storyboard */,
				A823289B20DA17CF00E5128A /* Assets.xcassets */,
				A823289D20DA17CF00E5128A /* LaunchScreen.storyboard */,
				A82328A020DA17CF00E5128A /* Info.plist */,
			);
			path = "iOS-CoreML-Inceptionv3";
			sourceTree = "<group>";
		};
/* End PBXGroup section */

/* Begin PBXNativeTarget section */
		A823289020DA17C900E5128A /* iOS-CoreML-Inceptionv3 */ = {
			isa = PBXNativeTarget;
			buildConfigurationList = A82328A320DA17CF00E5128A /* Build configuration list for PBXNativeTarget "iOS-CoreML-Inceptionv3" */;
			buildPhases = (
				A823288D20DA17C900E5128A /* Sources */,
				A823288E20DA17C900E5128A /* Frameworks */,
				A823288F20DA17C900E5128A /* Resources */,
			);
			buildRules = (
			);
			dependencies = (
			);
			name = "iOS-CoreML-Inceptionv3";
			productName = ImageRecognition;
			productReference = A823289120DA17C900E5128A /* iOS-CoreML-Inceptionv3.app */;
			productType = "com.apple.product-type.application";
		};
/* End PBXNativeTarget section */

/* Begin PBXProject section */
		A823288920DA17C900E5128A /* Project object */ = {
			isa = PBXProject;
			attributes = {
				LastSwiftUpdateCheck = 1000;
				LastUpgradeCheck = 1000;
				ORGANIZATIONNAME = "Sri Raghu Malireddi";
				TargetAttributes = {
					A823289020DA17C900E5128A = {
						CreatedOnToolsVersion = 10.0;
					};
				};
			};
			buildConfigurationList = A823288C20DA17C900E5128A /* Build configuration list for PBXProject "iOS-CoreML-Inceptionv3" */;
			compatibilityVersion = "Xcode 9.3";
			developmentRegion = en;
			hasScannedForEncodings = 0;
			knownRegions = (
				en,
				Base,
			);
			mainGroup = A823288820DA17C900E5128A;
			productRefGroup = A823289220DA17C900E5128A /* Products */;
			projectDirPath = "";
			projectRoot = "";
			targets = (
				A823289020DA17C900E5128A /* iOS-CoreML-Inceptionv3 */,
			);
		};
/* End PBXProject section */

/* Begin PBXResourcesBuildPhase section */
		A823288F20DA17C900E5128A /* Resources */ = {
			isa = PBXResourcesBuildPhase;
			buildActionMask = 2147483647;
			files = (
				A823289F20DA17CF00E5128A /* LaunchScreen.storyboard in Resources */,
				A823289C20DA17CF00E5128A /* Assets.xcassets in Resources */,
				A823289A20DA17C900E5128A /* Main.storyboard in Resources */,
			);
			runOnlyForDeploymentPostprocessing = 0;
		};
/* End PBXResourcesBuildPhase section */

/* Begin PBXSourcesBuildPhase section */
		A823288D20DA17C900E5128A /* Sources */ = {
			isa = PBXSourcesBuildPhase;
			buildActionMask = 2147483647;
			files = (
				A8CCD22320EFE5760068E24E /* Inceptionv3.mlmodel in Sources */,
				A823289720DA17C900E5128A /* ViewController.swift in Sources */,
				A823289520DA17C900E5128A /* AppDelegate.swift in Sources */,
				A82328A820DA184100E5128A /* PreviewView.swift in Sources */,
			);
			runOnlyForDeploymentPostprocessing = 0;
		};
/* End PBXSourcesBuildPhase section */

/* Begin PBXVariantGroup section */
		A823289820DA17C900E5128A /* Main.storyboard */ = {
			isa = PBXVariantGroup;
			children = (
				A823289920DA17C900E5128A /* Base */,
			);
			name = Main.storyboard;
			sourceTree = "<group>";
		};
		A823289D20DA17CF00E5128A /* LaunchScreen.storyboard */ = {
			isa = PBXVariantGroup;
			children = (
				A823289E20DA17CF00E5128A /* Base */,
			);
			name = LaunchScreen.storyboard;
			sourceTree = "<group>";
		};
/* End PBXVariantGroup section */

/* Begin XCBuildConfiguration section */
		A82328A120DA17CF00E5128A /* Debug */ = {
			isa = XCBuildConfiguration;
			buildSettings = {
				ALWAYS_SEARCH_USER_PATHS = NO;
				CLANG_ANALYZER_NONNULL = YES;
				CLANG_ANALYZER_NUMBER_OBJECT_CONVERSION = YES_AGGRESSIVE;
				CLANG_CXX_LANGUAGE_STANDARD = "gnu++14";
				CLANG_CXX_LIBRARY = "libc++";
				CLANG_ENABLE_MODULES = YES;
				CLANG_ENABLE_OBJC_ARC = YES;
				CLANG_ENABLE_OBJC_WEAK = YES;
				CLANG_WARN_BLOCK_CAPTURE_AUTORELEASING = YES;
				CLANG_WARN_BOOL_CONVERSION = YES;
				CLANG_WARN_COMMA = YES;
				CLANG_WARN_CONSTANT_CONVERSION = YES;
				CLANG_WARN_DEPRECATED_OBJC_IMPLEMENTATIONS = YES;
				CLANG_WARN_DIRECT_OBJC_ISA_USAGE = YES_ERROR;
				CLANG_WARN_DOCUMENTATION_COMMENTS = YES;
				CLANG_WARN_EMPTY_BODY = YES;
				CLANG_WARN_ENUM_CONVERSION = YES;
				CLANG_WARN_INFINITE_RECURSION = YES;
				CLANG_WARN_INT_CONVERSION = YES;
				CLANG_WARN_NON_LITERAL_NULL_CONVERSION = YES;
				CLANG_WARN_OBJC_IMPLICIT_RETAIN_SELF = YES;
				CLANG_WARN_OBJC_LITERAL_CONVERSION = YES;
				CLANG_WARN_OBJC_ROOT_CLASS = YES_ERROR;
				CLANG_WARN_RANGE_LOOP_ANALYSIS = YES;
				CLANG_WARN_STRICT_PROTOTYPES = YES;
				CLANG_WARN_SUSPICIOUS_MOVE = YES;
				CLANG_WARN_UNGUARDED_AVAILABILITY = YES_AGGRESSIVE;
				CLANG_WARN_UNREACHABLE_CODE = YES;
				CLANG_WARN__DUPLICATE_METHOD_MATCH = YES;
				CODE_SIGN_IDENTITY = "iPhone Developer";
				COPY_PHASE_STRIP = NO;
				DEBUG_INFORMATION_FORMAT = dwarf;
				ENABLE_STRICT_OBJC_MSGSEND = YES;
				ENABLE_TESTABILITY = YES;
				GCC_C_LANGUAGE_STANDARD = gnu11;
				GCC_DYNAMIC_NO_PIC = NO;
				GCC_NO_COMMON_BLOCKS = YES;
				GCC_OPTIMIZATION_LEVEL = 0;
				GCC_PREPROCESSOR_DEFINITIONS = (
					"DEBUG=1",
					"$(inherited)",
				);
				GCC_WARN_64_TO_32_BIT_CONVERSION = YES;
				GCC_WARN_ABOUT_RETURN_TYPE = YES_ERROR;
				GCC_WARN_UNDECLARED_SELECTOR = YES;
				GCC_WARN_UNINITIALIZED_AUTOS = YES_AGGRESSIVE;
				GCC_WARN_UNUSED_FUNCTION = YES;
				GCC_WARN_UNUSED_VARIABLE = YES;
				IPHONEOS_DEPLOYMENT_TARGET = 12.0;
				MTL_ENABLE_DEBUG_INFO = INCLUDE_SOURCE;
				ONLY_ACTIVE_ARCH = YES;
				SDKROOT = iphoneos;
				SWIFT_ACTIVE_COMPILATION_CONDITIONS = DEBUG;
				SWIFT_OPTIMIZATION_LEVEL = "-Onone";
			};
			name = Debug;
		};
		A82328A220DA17CF00E5128A /* Release */ = {
			isa = XCBuildConfiguration;
			buildSettings = {
				ALWAYS_SEARCH_USER_PATHS = NO;
				CLANG_ANALYZER_NONNULL = YES;
				CLANG_ANALYZER_NUMBER_OBJECT_CONVERSION = YES_AGGRESSIVE;
				CLANG_CXX_LANGUAGE_STANDARD = "gnu++14";
				CLANG_CXX_LIBRARY = "libc++";
				CLANG_ENABLE_MODULES = YES;
				CLANG_ENABLE_OBJC_ARC = YES;
				CLANG_ENABLE_OBJC_WEAK = YES;
				CLANG_WARN_BLOCK_CAPTURE_AUTORELEASING = YES;
				CLANG_WARN_BOOL_CONVERSION = YES;
				CLANG_WARN_COMMA = YES;
				CLANG_WARN_CONSTANT_CONVERSION = YES;
				CLANG_WARN_DEPRECATED_OBJC_IMPLEMENTATIONS = YES;
				CLANG_WARN_DIRECT_OBJC_ISA_USAGE = YES_ERROR;
				CLANG_WARN_DOCUMENTATION_COMMENTS = YES;
				CLANG_WARN_EMPTY_BODY = YES;
				CLANG_WARN_ENUM_CONVERSION = YES;
				CLANG_WARN_INFINITE_RECURSION = YES;
				CLANG_WARN_INT_CONVERSION = YES;
				CLANG_WARN_NON_LITERAL_NULL_CONVERSION = YES;
				CLANG_WARN_OBJC_IMPLICIT_RETAIN_SELF = YES;
				CLANG_WARN_OBJC_LITERAL_CONVERSION = YES;
				CLANG_WARN_OBJC_ROOT_CLASS = YES_ERROR;
				CLANG_WARN_RANGE_LOOP_ANALYSIS = YES;
				CLANG_WARN_STRICT_PROTOTYPES = YES;
				CLANG_WARN_SUSPICIOUS_MOVE = YES;
				CLANG_WARN_UNGUARDED_AVAILABILITY = YES_AGGRESSIVE;
				CLANG_WARN_UNREACHABLE_CODE = YES;
				CLANG_WARN__DUPLICATE_METHOD_MATCH = YES;
				CODE_SIGN_IDENTITY = "iPhone Developer";
				COPY_PHASE_STRIP = NO;
				DEBUG_INFORMATION_FORMAT = "dwarf-with-dsym";
				ENABLE_NS_ASSERTIONS = NO;
				ENABLE_STRICT_OBJC_MSGSEND = YES;
				GCC_C_LANGUAGE_STANDARD = gnu11;
				GCC_NO_COMMON_BLOCKS = YES;
				GCC_WARN_64_TO_32_BIT_CONVERSION = YES;
				GCC_WARN_ABOUT_RETURN_TYPE = YES_ERROR;
				GCC_WARN_UNDECLARED_SELECTOR = YES;
				GCC_WARN_UNINITIALIZED_AUTOS = YES_AGGRESSIVE;
				GCC_WARN_UNUSED_FUNCTION = YES;
				GCC_WARN_UNUSED_VARIABLE = YES;
				IPHONEOS_DEPLOYMENT_TARGET = 12.0;
				MTL_ENABLE_DEBUG_INFO = NO;
				SDKROOT = iphoneos;
				SWIFT_COMPILATION_MODE = wholemodule;
				SWIFT_OPTIMIZATION_LEVEL = "-O";
				VALIDATE_PRODUCT = YES;
			};
			name = Release;
		};
		A82328A420DA17CF00E5128A /* Debug */ = {
			isa = XCBuildConfiguration;
			buildSettings = {
				ASSETCATALOG_COMPILER_APPICON_NAME = AppIcon;
				CLANG_USE_OPTIMIZATION_PROFILE = YES;
				CODE_SIGN_STYLE = Automatic;
				DEVELOPMENT_TEAM = HAFX6G88W7;
				INFOPLIST_FILE = "$(SRCROOT)/iOS-CoreML-Inceptionv3/Info.plist";
				LD_RUNPATH_SEARCH_PATHS = (
					"$(inherited)",
					"@executable_path/Frameworks",
				);
				PRODUCT_BUNDLE_IDENTIFIER = "com.sri.iOS.iOS-CoreML-Inceptionv3";
				PRODUCT_NAME = "$(TARGET_NAME)";
				SWIFT_VERSION = 4.2;
				TARGETED_DEVICE_FAMILY = "1,2";
			};
			name = Debug;
		};
		A82328A520DA17CF00E5128A /* Release */ = {
			isa = XCBuildConfiguration;
			buildSettings = {
				ASSETCATALOG_COMPILER_APPICON_NAME = AppIcon;
				CLANG_USE_OPTIMIZATION_PROFILE = YES;
				CODE_SIGN_STYLE = Automatic;
				DEVELOPMENT_TEAM = HAFX6G88W7;
				INFOPLIST_FILE = "$(SRCROOT)/iOS-CoreML-Inceptionv3/Info.plist";
				LD_RUNPATH_SEARCH_PATHS = (
					"$(inherited)",
					"@executable_path/Frameworks",
				);
				PRODUCT_BUNDLE_IDENTIFIER = "com.sri.iOS.iOS-CoreML-Inceptionv3";
				PRODUCT_NAME = "$(TARGET_NAME)";
				SWIFT_VERSION = 4.2;
				TARGETED_DEVICE_FAMILY = "1,2";
			};
			name = Release;
		};
/* End XCBuildConfiguration section */

/* Begin XCConfigurationList section */
		A823288C20DA17C900E5128A /* Build configuration list for PBXProject "iOS-CoreML-Inceptionv3" */ = {
			isa = XCConfigurationList;
			buildConfigurations = (
				A82328A120DA17CF00E5128A /* Debug */,
				A82328A220DA17CF00E5128A /* Release */,
			);
			defaultConfigurationIsVisible = 0;
			defaultConfigurationName = Release;
		};
		A82328A320DA17CF00E5128A /* Build configuration list for PBXNativeTarget "iOS-CoreML-Inceptionv3" */ = {
			isa = XCConfigurationList;
			buildConfigurations = (
				A82328A420DA17CF00E5128A /* Debug */,
				A82328A520DA17CF00E5128A /* Release */,
			);
			defaultConfigurationIsVisible = 0;
			defaultConfigurationName = Release;
		};
/* End XCConfigurationList section */
	};
	rootObject = A823288920DA17C900E5128A /* Project object */;
}
