// !$*UTF8*$!
{
	archiveVersion = 1;
	classes = {
	};
	objectVersion = 48;
	objects = {

/* Begin PBXBuildFile section */
		A888234C1EF2DE0D00C49854 /* Inceptionv3.mlmodel in Sources */ = {isa = PBXBuildFile; fileRef = A888234B1EF2DE0600C49854 /* Inceptionv3.mlmodel */; };
		A88823501EF2E50000C49854 /* ImageConverter.m in Sources */ = {isa = PBXBuildFile; fileRef = A888234F1EF2E50000C49854 /* ImageConverter.m */; };
		A8BE13CF1EF2CFD10089E242 /* AppDelegate.swift in Sources */ = {isa = PBXBuildFile; fileRef = A8BE13CE1EF2CFD10089E242 /* AppDelegate.swift */; };
		A8BE13D11EF2CFD10089E242 /* ViewController.swift in Sources */ = {isa = PBXBuildFile; fileRef = A8BE13D01EF2CFD10089E242 /* ViewController.swift */; };
		A8BE13D41EF2CFD10089E242 /* Main.storyboard in Resources */ = {isa = PBXBuildFile; fileRef = A8BE13D21EF2CFD10089E242 /* Main.storyboard */; };
		A8BE13D61EF2CFD10089E242 /* Assets.xcassets in Resources */ = {isa = PBXBuildFile; fileRef = A8BE13D51EF2CFD10089E242 /* Assets.xcassets */; };
		A8BE13D91EF2CFD10089E242 /* LaunchScreen.storyboard in Resources */ = {isa = PBXBuildFile; fileRef = A8BE13D71EF2CFD10089E242 /* LaunchScreen.storyboard */; };
		A8BE13E11EF2D05A0089E242 /* PreviewView.swift in Sources */ = {isa = PBXBuildFile; fileRef = A8BE13E01EF2D05A0089E242 /* PreviewView.swift */; };
/* End PBXBuildFile section */

/* Begin PBXFileReference section */
		A888234B1EF2DE0600C49854 /* Inceptionv3.mlmodel */ = {isa = PBXFileReference; lastKnownFileType = file.mlmodel; path = Inceptionv3.mlmodel; sourceTree = "<group>"; };
		A888234D1EF2E50000C49854 /* iOS-CoreML-Inceptionv3-Bridging-Header.h */ = {isa = PBXFileReference; lastKnownFileType = sourcecode.c.h; path = "iOS-CoreML-Inceptionv3-Bridging-Header.h"; sourceTree = "<group>"; };
		A888234E1EF2E50000C49854 /* ImageConverter.h */ = {isa = PBXFileReference; lastKnownFileType = sourcecode.c.h; path = ImageConverter.h; sourceTree = "<group>"; };
		A888234F1EF2E50000C49854 /* ImageConverter.m */ = {isa = PBXFileReference; lastKnownFileType = sourcecode.c.objc; path = ImageConverter.m; sourceTree = "<group>"; };
		A8BE13CB1EF2CFD10089E242 /* iOS-CoreML-Inceptionv3.app */ = {isa = PBXFileReference; explicitFileType = wrapper.application; includeInIndex = 0; path = "iOS-CoreML-Inceptionv3.app"; sourceTree = BUILT_PRODUCTS_DIR; };
		A8BE13CE1EF2CFD10089E242 /* AppDelegate.swift */ = {isa = PBXFileReference; lastKnownFileType = sourcecode.swift; path = AppDelegate.swift; sourceTree = "<group>"; };
		A8BE13D01EF2CFD10089E242 /* ViewController.swift */ = {isa = PBXFileReference; lastKnownFileType = sourcecode.swift; path = ViewController.swift; sourceTree = "<group>"; };
		A8BE13D31EF2CFD10089E242 /* Base */ = {isa = PBXFileReference; lastKnownFileType = file.storyboard; name = Base; path = Base.lproj/Main.storyboard; sourceTree = "<group>"; };
		A8BE13D51EF2CFD10089E242 /* Assets.xcassets */ = {isa = PBXFileReference; lastKnownFileType = folder.assetcatalog; path = Assets.xcassets; sourceTree = "<group>"; };
		A8BE13D81EF2CFD10089E242 /* Base */ = {isa = PBXFileReference; lastKnownFileType = file.storyboard; name = Base; path = Base.lproj/LaunchScreen.storyboard; sourceTree = "<group>"; };
		A8BE13DA1EF2CFD10089E242 /* Info.plist */ = {isa = PBXFileReference; lastKnownFileType = text.plist.xml; path = Info.plist; sourceTree = "<group>"; };
		A8BE13E01EF2D05A0089E242 /* PreviewView.swift */ = {isa = PBXFileReference; lastKnownFileType = sourcecode.swift; path = PreviewView.swift; sourceTree = "<group>"; };
/* End PBXFileReference section */

/* Begin PBXFrameworksBuildPhase section */
		A8BE13C81EF2CFD10089E242 /* Frameworks */ = {
			isa = PBXFrameworksBuildPhase;
			buildActionMask = 2147483647;
			files = (
			);
			runOnlyForDeploymentPostprocessing = 0;
		};
/* End PBXFrameworksBuildPhase section */

/* Begin PBXGroup section */
		A8BE13C21EF2CFD00089E242 = {
			isa = PBXGroup;
			children = (
				A8BE13CD1EF2CFD10089E242 /* iOS-CoreML-Inceptionv3 */,
				A8BE13CC1EF2CFD10089E242 /* Products */,
			);
			sourceTree = "<group>";
		};
		A8BE13CC1EF2CFD10089E242 /* Products */ = {
			isa = PBXGroup;
			children = (
				A8BE13CB1EF2CFD10089E242 /* iOS-CoreML-Inceptionv3.app */,
			);
			name = Products;
			sourceTree = "<group>";
		};
		A8BE13CD1EF2CFD10089E242 /* iOS-CoreML-Inceptionv3 */ = {
			isa = PBXGroup;
			children = (
				A888234B1EF2DE0600C49854 /* Inceptionv3.mlmodel */,
				A8BE13CE1EF2CFD10089E242 /* AppDelegate.swift */,
				A8BE13D01EF2CFD10089E242 /* ViewController.swift */,
				A8BE13D21EF2CFD10089E242 /* Main.storyboard */,
				A8BE13D51EF2CFD10089E242 /* Assets.xcassets */,
				A8BE13D71EF2CFD10089E242 /* LaunchScreen.storyboard */,
				A8BE13DA1EF2CFD10089E242 /* Info.plist */,
				A8BE13E01EF2D05A0089E242 /* PreviewView.swift */,
				A888234E1EF2E50000C49854 /* ImageConverter.h */,
				A888234F1EF2E50000C49854 /* ImageConverter.m */,
				A888234D1EF2E50000C49854 /* iOS-CoreML-Inceptionv3-Bridging-Header.h */,
			);
			path = "iOS-CoreML-Inceptionv3";
			sourceTree = "<group>";
		};
/* End PBXGroup section */

/* Begin PBXNativeTarget section */
		A8BE13CA1EF2CFD10089E242 /* iOS-CoreML-Inceptionv3 */ = {
			isa = PBXNativeTarget;
			buildConfigurationList = A8BE13DD1EF2CFD10089E242 /* Build configuration list for PBXNativeTarget "iOS-CoreML-Inceptionv3" */;
			buildPhases = (
				A8BE13C71EF2CFD10089E242 /* Sources */,
				A8BE13C81EF2CFD10089E242 /* Frameworks */,
				A8BE13C91EF2CFD10089E242 /* Resources */,
			);
			buildRules = (
			);
			dependencies = (
			);
			name = "iOS-CoreML-Inceptionv3";
			productName = "iOS-CoreML-Inceptionv3";
			productReference = A8BE13CB1EF2CFD10089E242 /* iOS-CoreML-Inceptionv3.app */;
			productType = "com.apple.product-type.application";
		};
/* End PBXNativeTarget section */

/* Begin PBXProject section */
		A8BE13C31EF2CFD00089E242 /* Project object */ = {
			isa = PBXProject;
			attributes = {
				LastSwiftUpdateCheck = 0900;
				LastUpgradeCheck = 0900;
				ORGANIZATIONNAME = "Sri Raghu Malireddi";
				TargetAttributes = {
					A8BE13CA1EF2CFD10089E242 = {
						CreatedOnToolsVersion = 9.0;
						LastSwiftMigration = 0900;
					};
				};
			};
			buildConfigurationList = A8BE13C61EF2CFD00089E242 /* Build configuration list for PBXProject "iOS-CoreML-Inceptionv3" */;
			compatibilityVersion = "Xcode 8.0";
			developmentRegion = en;
			hasScannedForEncodings = 0;
			knownRegions = (
				en,
				Base,
			);
			mainGroup = A8BE13C21EF2CFD00089E242;
			productRefGroup = A8BE13CC1EF2CFD10089E242 /* Products */;
			projectDirPath = "";
			projectRoot = "";
			targets = (
				A8BE13CA1EF2CFD10089E242 /* iOS-CoreML-Inceptionv3 */,
			);
		};
/* End PBXProject section */

/* Begin PBXResourcesBuildPhase section */
		A8BE13C91EF2CFD10089E242 /* Resources */ = {
			isa = PBXResourcesBuildPhase;
			buildActionMask = 2147483647;
			files = (
				A8BE13D91EF2CFD10089E242 /* LaunchScreen.storyboard in Resources */,
				A8BE13D61EF2CFD10089E242 /* Assets.xcassets in Resources */,
				A8BE13D41EF2CFD10089E242 /* Main.storyboard in Resources */,
			);
			runOnlyForDeploymentPostprocessing = 0;
		};
/* End PBXResourcesBuildPhase section */

/* Begin PBXSourcesBuildPhase section */
		A8BE13C71EF2CFD10089E242 /* Sources */ = {
			isa = PBXSourcesBuildPhase;
			buildActionMask = 2147483647;
			files = (
				A8BE13D11EF2CFD10089E242 /* ViewController.swift in Sources */,
				A888234C1EF2DE0D00C49854 /* Inceptionv3.mlmodel in Sources */,
				A8BE13CF1EF2CFD10089E242 /* AppDelegate.swift in Sources */,
				A8BE13E11EF2D05A0089E242 /* PreviewView.swift in Sources */,
				A88823501EF2E50000C49854 /* ImageConverter.m in Sources */,
			);
			runOnlyForDeploymentPostprocessing = 0;
		};
/* End PBXSourcesBuildPhase section */

/* Begin PBXVariantGroup section */
		A8BE13D21EF2CFD10089E242 /* Main.storyboard */ = {
			isa = PBXVariantGroup;
			children = (
				A8BE13D31EF2CFD10089E242 /* Base */,
			);
			name = Main.storyboard;
			sourceTree = "<group>";
		};
		A8BE13D71EF2CFD10089E242 /* LaunchScreen.storyboard */ = {
			isa = PBXVariantGroup;
			children = (
				A8BE13D81EF2CFD10089E242 /* Base */,
			);
			name = LaunchScreen.storyboard;
			sourceTree = "<group>";
		};
/* End PBXVariantGroup section */

/* Begin XCBuildConfiguration section */
		A8BE13DB1EF2CFD10089E242 /* Debug */ = {
			isa = XCBuildConfiguration;
			buildSettings = {
				ALWAYS_SEARCH_USER_PATHS = NO;
				CLANG_ANALYZER_NONNULL = YES;
				CLANG_ANALYZER_NUMBER_OBJECT_CONVERSION = YES_AGGRESSIVE;
				CLANG_CXX_LANGUAGE_STANDARD = "gnu++14";
				CLANG_CXX_LIBRARY = "libc++";
				CLANG_ENABLE_MODULES = YES;
				CLANG_ENABLE_OBJC_ARC = YES;
				CLANG_WARN_BLOCK_CAPTURE_AUTORELEASING = YES;
				CLANG_WARN_BOOL_CONVERSION = YES;
				CLANG_WARN_COMMA = YES;
				CLANG_WARN_CONSTANT_CONVERSION = YES;
				CLANG_WARN_DIRECT_OBJC_ISA_USAGE = YES_ERROR;
				CLANG_WARN_DOCUMENTATION_COMMENTS = YES;
				CLANG_WARN_EMPTY_BODY = YES;
				CLANG_WARN_ENUM_CONVERSION = YES;
				CLANG_WARN_INFINITE_RECURSION = YES;
				CLANG_WARN_INT_CONVERSION = YES;
				CLANG_WARN_OBJC_ROOT_CLASS = YES_ERROR;
				CLANG_WARN_RANGE_LOOP_ANALYSIS = YES;
				CLANG_WARN_STRICT_PROTOTYPES = YES;
				CLANG_WARN_SUSPICIOUS_MOVE = YES;
				CLANG_WARN_UNGUARDED_AVAILABILITY = YES_AGGRESSIVE;
				CLANG_WARN_UNREACHABLE_CODE = YES;
				CLANG_WARN__DUPLICATE_METHOD_MATCH = YES;
				CODE_SIGN_IDENTITY = "iPhone Developer";
				COPY_PHASE_STRIP = NO;
				DEBUG_INFORMATION_FORMAT = dwarf;
				ENABLE_STRICT_OBJC_MSGSEND = YES;
				ENABLE_TESTABILITY = YES;
				GCC_C_LANGUAGE_STANDARD = gnu11;
				GCC_DYNAMIC_NO_PIC = NO;
				GCC_NO_COMMON_BLOCKS = YES;
				GCC_OPTIMIZATION_LEVEL = 0;
				GCC_PREPROCESSOR_DEFINITIONS = (
					"DEBUG=1",
					"$(inherited)",
				);
				GCC_WARN_64_TO_32_BIT_CONVERSION = YES;
				GCC_WARN_ABOUT_RETURN_TYPE = YES_ERROR;
				GCC_WARN_UNDECLARED_SELECTOR = YES;
				GCC_WARN_UNINITIALIZED_AUTOS = YES_AGGRESSIVE;
				GCC_WARN_UNUSED_FUNCTION = YES;
				GCC_WARN_UNUSED_VARIABLE = YES;
				IPHONEOS_DEPLOYMENT_TARGET = 11.0;
				MTL_ENABLE_DEBUG_INFO = YES;
				ONLY_ACTIVE_ARCH = YES;
				SDKROOT = iphoneos;
				SWIFT_ACTIVE_COMPILATION_CONDITIONS = DEBUG;
				SWIFT_OPTIMIZATION_LEVEL = "-Onone";
			};
			name = Debug;
		};
		A8BE13DC1EF2CFD10089E242 /* Release */ = {
			isa = XCBuildConfiguration;
			buildSettings = {
				ALWAYS_SEARCH_USER_PATHS = NO;
				CLANG_ANALYZER_NONNULL = YES;
				CLANG_ANALYZER_NUMBER_OBJECT_CONVERSION = YES_AGGRESSIVE;
				CLANG_CXX_LANGUAGE_STANDARD = "gnu++14";
				CLANG_CXX_LIBRARY = "libc++";
				CLANG_ENABLE_MODULES = YES;
				CLANG_ENABLE_OBJC_ARC = YES;
				CLANG_WARN_BLOCK_CAPTURE_AUTORELEASING = YES;
				CLANG_WARN_BOOL_CONVERSION = YES;
				CLANG_WARN_COMMA = YES;
				CLANG_WARN_CONSTANT_CONVERSION = YES;
				CLANG_WARN_DIRECT_OBJC_ISA_USAGE = YES_ERROR;
				CLANG_WARN_DOCUMENTATION_COMMENTS = YES;
				CLANG_WARN_EMPTY_BODY = YES;
				CLANG_WARN_ENUM_CONVERSION = YES;
				CLANG_WARN_INFINITE_RECURSION = YES;
				CLANG_WARN_INT_CONVERSION = YES;
				CLANG_WARN_OBJC_ROOT_CLASS = YES_ERROR;
				CLANG_WARN_RANGE_LOOP_ANALYSIS = YES;
				CLANG_WARN_STRICT_PROTOTYPES = YES;
				CLANG_WARN_SUSPICIOUS_MOVE = YES;
				CLANG_WARN_UNGUARDED_AVAILABILITY = YES_AGGRESSIVE;
				CLANG_WARN_UNREACHABLE_CODE = YES;
				CLANG_WARN__DUPLICATE_METHOD_MATCH = YES;
				CODE_SIGN_IDENTITY = "iPhone Developer";
				COPY_PHASE_STRIP = NO;
				DEBUG_INFORMATION_FORMAT = "dwarf-with-dsym";
				ENABLE_NS_ASSERTIONS = NO;
				ENABLE_STRICT_OBJC_MSGSEND = YES;
				GCC_C_LANGUAGE_STANDARD = gnu11;
				GCC_NO_COMMON_BLOCKS = YES;
				GCC_WARN_64_TO_32_BIT_CONVERSION = YES;
				GCC_WARN_ABOUT_RETURN_TYPE = YES_ERROR;
				GCC_WARN_UNDECLARED_SELECTOR = YES;
				GCC_WARN_UNINITIALIZED_AUTOS = YES_AGGRESSIVE;
				GCC_WARN_UNUSED_FUNCTION = YES;
				GCC_WARN_UNUSED_VARIABLE = YES;
				IPHONEOS_DEPLOYMENT_TARGET = 11.0;
				MTL_ENABLE_DEBUG_INFO = NO;
				SDKROOT = iphoneos;
				SWIFT_OPTIMIZATION_LEVEL = "-Owholemodule";
				VALIDATE_PRODUCT = YES;
			};
			name = Release;
		};
		A8BE13DE1EF2CFD10089E242 /* Debug */ = {
			isa = XCBuildConfiguration;
			buildSettings = {
				ASSETCATALOG_COMPILER_APPICON_NAME = AppIcon;
				CLANG_ENABLE_MODULES = YES;
				DEVELOPMENT_TEAM = HAFX6G88W7;
				INFOPLIST_FILE = "iOS-CoreML-Inceptionv3/Info.plist";
				LD_RUNPATH_SEARCH_PATHS = "$(inherited) @executable_path/Frameworks";
				PRODUCT_BUNDLE_IDENTIFIER = "com.sri.iOS.iOS-CoreML-Inceptionv3";
				PRODUCT_NAME = "$(TARGET_NAME)";
				SWIFT_OBJC_BRIDGING_HEADER = "iOS-CoreML-Inceptionv3/iOS-CoreML-Inceptionv3-Bridging-Header.h";
				SWIFT_OPTIMIZATION_LEVEL = "-Onone";
				SWIFT_VERSION = 3.0;
				TARGETED_DEVICE_FAMILY = "1,2";
			};
			name = Debug;
		};
		A8BE13DF1EF2CFD10089E242 /* Release */ = {
			isa = XCBuildConfiguration;
			buildSettings = {
				ASSETCATALOG_COMPILER_APPICON_NAME = AppIcon;
				CLANG_ENABLE_MODULES = YES;
				DEVELOPMENT_TEAM = HAFX6G88W7;
				INFOPLIST_FILE = "iOS-CoreML-Inceptionv3/Info.plist";
				LD_RUNPATH_SEARCH_PATHS = "$(inherited) @executable_path/Frameworks";
				PRODUCT_BUNDLE_IDENTIFIER = "com.sri.iOS.iOS-CoreML-Inceptionv3";
				PRODUCT_NAME = "$(TARGET_NAME)";
				SWIFT_OBJC_BRIDGING_HEADER = "iOS-CoreML-Inceptionv3/iOS-CoreML-Inceptionv3-Bridging-Header.h";
				SWIFT_VERSION = 3.0;
				TARGETED_DEVICE_FAMILY = "1,2";
			};
			name = Release;
		};
/* End XCBuildConfiguration section */

/* Begin XCConfigurationList section */
		A8BE13C61EF2CFD00089E242 /* Build configuration list for PBXProject "iOS-CoreML-Inceptionv3" */ = {
			isa = XCConfigurationList;
			buildConfigurations = (
				A8BE13DB1EF2CFD10089E242 /* Debug */,
				A8BE13DC1EF2CFD10089E242 /* Release */,
			);
			defaultConfigurationIsVisible = 0;
			defaultConfigurationName = Release;
		};
		A8BE13DD1EF2CFD10089E242 /* Build configuration list for PBXNativeTarget "iOS-CoreML-Inceptionv3" */ = {
			isa = XCConfigurationList;
			buildConfigurations = (
				A8BE13DE1EF2CFD10089E242 /* Debug */,
				A8BE13DF1EF2CFD10089E242 /* Release */,
			);
			defaultConfigurationIsVisible = 0;
			defaultConfigurationName = Release;
		};
/* End XCConfigurationList section */
	};
	rootObject = A8BE13C31EF2CFD00089E242 /* Project object */;
}
